// !$*UTF8*$!
{
	archiveVersion = 1;
	classes = {
	};
	objectVersion = 56;
	objects = {

/* Begin PBXBuildFile section */
		A83ACA9E2C638FAC00F70810 /* tap-to-do Watch App.app in Embed Watch Content */ = {isa = PBXBuildFile; fileRef = A83ACA9D2C638FAC00F70810 /* tap-to-do Watch App.app */; settings = {ATTRIBUTES = (RemoveHeadersOnCopy, ); }; };
		A83ACAA32C638FAC00F70810 /* tap_to_doApp.swift in Sources */ = {isa = PBXBuildFile; fileRef = A83ACAA22C638FAC00F70810 /* tap_to_doApp.swift */; };
		A83ACAA52C638FAC00F70810 /* ContentView.swift in Sources */ = {isa = PBXBuildFile; fileRef = A83ACAA42C638FAC00F70810 /* ContentView.swift */; };
		A83ACAA72C638FAD00F70810 /* Assets.xcassets in Resources */ = {isa = PBXBuildFile; fileRef = A83ACAA62C638FAD00F70810 /* Assets.xcassets */; };
		A83ACAAA2C638FAD00F70810 /* Preview Assets.xcassets in Resources */ = {isa = PBXBuildFile; fileRef = A83ACAA92C638FAD00F70810 /* Preview Assets.xcassets */; };
/* End PBXBuildFile section */

/* Begin PBXContainerItemProxy section */
		A83ACA9F2C638FAC00F70810 /* PBXContainerItemProxy */ = {
			isa = PBXContainerItemProxy;
			containerPortal = A83ACA912C638FAC00F70810 /* Project object */;
			proxyType = 1;
			remoteGlobalIDString = A83ACA9C2C638FAC00F70810;
			remoteInfo = "tap-to-do Watch App";
		};
/* End PBXContainerItemProxy section */

/* Begin PBXCopyFilesBuildPhase section */
		A83ACAB02C638FAD00F70810 /* Embed Watch Content */ = {
			isa = PBXCopyFilesBuildPhase;
			buildActionMask = 2147483647;
			dstPath = "$(CONTENTS_FOLDER_PATH)/Watch";
			dstSubfolderSpec = 16;
			files = (
				A83ACA9E2C638FAC00F70810 /* tap-to-do Watch App.app in Embed Watch Content */,
			);
			name = "Embed Watch Content";
			runOnlyForDeploymentPostprocessing = 0;
		};
/* End PBXCopyFilesBuildPhase section */

/* Begin PBXFileReference section */
		A83ACA972C638FAC00F70810 /* tap-to-do.app */ = {isa = PBXFileReference; explicitFileType = wrapper.application; includeInIndex = 0; path = "tap-to-do.app"; sourceTree = BUILT_PRODUCTS_DIR; };
		A83ACA9D2C638FAC00F70810 /* tap-to-do Watch App.app */ = {isa = PBXFileReference; explicitFileType = wrapper.application; includeInIndex = 0; path = "tap-to-do Watch App.app"; sourceTree = BUILT_PRODUCTS_DIR; };
		A83ACAA22C638FAC00F70810 /* tap_to_doApp.swift */ = {isa = PBXFileReference; lastKnownFileType = sourcecode.swift; path = tap_to_doApp.swift; sourceTree = "<group>"; };
		A83ACAA42C638FAC00F70810 /* ContentView.swift */ = {isa = PBXFileReference; lastKnownFileType = sourcecode.swift; path = ContentView.swift; sourceTree = "<group>"; };
		A83ACAA62C638FAD00F70810 /* Assets.xcassets */ = {isa = PBXFileReference; lastKnownFileType = folder.assetcatalog; path = Assets.xcassets; sourceTree = "<group>"; };
		A83ACAA92C638FAD00F70810 /* Preview Assets.xcassets */ = {isa = PBXFileReference; lastKnownFileType = folder.assetcatalog; path = "Preview Assets.xcassets"; sourceTree = "<group>"; };
/* End PBXFileReference section */

/* Begin PBXFrameworksBuildPhase section */
		A83ACA9A2C638FAC00F70810 /* Frameworks */ = {
			isa = PBXFrameworksBuildPhase;
			buildActionMask = 2147483647;
			files = (
			);
			runOnlyForDeploymentPostprocessing = 0;
		};
/* End PBXFrameworksBuildPhase section */

/* Begin PBXGroup section */
		A83ACA902C638FAC00F70810 = {
			isa = PBXGroup;
			children = (
				A83ACAA12C638FAC00F70810 /* tap-to-do Watch App */,
				A83ACA982C638FAC00F70810 /* Products */,
			);
			sourceTree = "<group>";
		};
		A83ACA982C638FAC00F70810 /* Products */ = {
			isa = PBXGroup;
			children = (
				A83ACA972C638FAC00F70810 /* tap-to-do.app */,
				A83ACA9D2C638FAC00F70810 /* tap-to-do Watch App.app */,
			);
			name = Products;
			sourceTree = "<group>";
		};
		A83ACAA12C638FAC00F70810 /* tap-to-do Watch App */ = {
			isa = PBXGroup;
			children = (
				A83ACAA22C638FAC00F70810 /* tap_to_doApp.swift */,
				A83ACAA42C638FAC00F70810 /* ContentView.swift */,
				A83ACAA62C638FAD00F70810 /* Assets.xcassets */,
				A83ACAA82C638FAD00F70810 /* Preview Content */,
			);
			path = "tap-to-do Watch App";
			sourceTree = "<group>";
		};
		A83ACAA82C638FAD00F70810 /* Preview Content */ = {
			isa = PBXGroup;
			children = (
				A83ACAA92C638FAD00F70810 /* Preview Assets.xcassets */,
			);
			path = "Preview Content";
			sourceTree = "<group>";
		};
/* End PBXGroup section */

/* Begin PBXNativeTarget section */
		A83ACA962C638FAC00F70810 /* tap-to-do */ = {
			isa = PBXNativeTarget;
			buildConfigurationList = A83ACAB12C638FAD00F70810 /* Build configuration list for PBXNativeTarget "tap-to-do" */;
			buildPhases = (
				A83ACA952C638FAC00F70810 /* Resources */,
				A83ACAB02C638FAD00F70810 /* Embed Watch Content */,
			);
			buildRules = (
			);
			dependencies = (
				A83ACAA02C638FAC00F70810 /* PBXTargetDependency */,
			);
			name = "tap-to-do";
			productName = "tap-to-do";
			productReference = A83ACA972C638FAC00F70810 /* tap-to-do.app */;
			productType = "com.apple.product-type.application.watchapp2-container";
		};
		A83ACA9C2C638FAC00F70810 /* tap-to-do Watch App */ = {
			isa = PBXNativeTarget;
			buildConfigurationList = A83ACAAD2C638FAD00F70810 /* Build configuration list for PBXNativeTarget "tap-to-do Watch App" */;
			buildPhases = (
				A83ACA992C638FAC00F70810 /* Sources */,
				A83ACA9A2C638FAC00F70810 /* Frameworks */,
				A83ACA9B2C638FAC00F70810 /* Resources */,
			);
			buildRules = (
			);
			dependencies = (
			);
			name = "tap-to-do Watch App";
			productName = "tap-to-do Watch App";
			productReference = A83ACA9D2C638FAC00F70810 /* tap-to-do Watch App.app */;
			productType = "com.apple.product-type.application";
		};
/* End PBXNativeTarget section */

/* Begin PBXProject section */
		A83ACA912C638FAC00F70810 /* Project object */ = {
			isa = PBXProject;
			attributes = {
				BuildIndependentTargetsInParallel = 1;
				LastSwiftUpdateCheck = 1530;
				LastUpgradeCheck = 1530;
				TargetAttributes = {
					A83ACA962C638FAC00F70810 = {
						CreatedOnToolsVersion = 15.3;
					};
					A83ACA9C2C638FAC00F70810 = {
						CreatedOnToolsVersion = 15.3;
					};
				};
			};
			buildConfigurationList = A83ACA942C638FAC00F70810 /* Build configuration list for PBXProject "tap-to-do" */;
			compatibilityVersion = "Xcode 14.0";
			developmentRegion = en;
			hasScannedForEncodings = 0;
			knownRegions = (
				en,
				Base,
			);
			mainGroup = A83ACA902C638FAC00F70810;
			productRefGroup = A83ACA982C638FAC00F70810 /* Products */;
			projectDirPath = "";
			projectRoot = "";
			targets = (
				A83ACA962C638FAC00F70810 /* tap-to-do */,
				A83ACA9C2C638FAC00F70810 /* tap-to-do Watch App */,
			);
		};
/* End PBXProject section */

/* Begin PBXResourcesBuildPhase section */
		A83ACA952C638FAC00F70810 /* Resources */ = {
			isa = PBXResourcesBuildPhase;
			buildActionMask = 2147483647;
			files = (
			);
			runOnlyForDeploymentPostprocessing = 0;
		};
		A83ACA9B2C638FAC00F70810 /* Resources */ = {
			isa = PBXResourcesBuildPhase;
			buildActionMask = 2147483647;
			files = (
				A83ACAAA2C638FAD00F70810 /* Preview Assets.xcassets in Resources */,
				A83ACAA72C638FAD00F70810 /* Assets.xcassets in Resources */,
			);
			runOnlyForDeploymentPostprocessing = 0;
		};
/* End PBXResourcesBuildPhase section */

/* Begin PBXSourcesBuildPhase section */
		A83ACA992C638FAC00F70810 /* Sources */ = {
			isa = PBXSourcesBuildPhase;
			buildActionMask = 2147483647;
			files = (
				A83ACAA52C638FAC00F70810 /* ContentView.swift in Sources */,
				A83ACAA32C638FAC00F70810 /* tap_to_doApp.swift in Sources */,
			);
			runOnlyForDeploymentPostprocessing = 0;
		};
/* End PBXSourcesBuildPhase section */

/* Begin PBXTargetDependency section */
		A83ACAA02C638FAC00F70810 /* PBXTargetDependency */ = {
			isa = PBXTargetDependency;
			target = A83ACA9C2C638FAC00F70810 /* tap-to-do Watch App */;
			targetProxy = A83ACA9F2C638FAC00F70810 /* PBXContainerItemProxy */;
		};
/* End PBXTargetDependency section */

/* Begin XCBuildConfiguration section */
		A83ACAAB2C638FAD00F70810 /* Debug */ = {
			isa = XCBuildConfiguration;
			buildSettings = {
				ALWAYS_SEARCH_USER_PATHS = NO;
				ASSETCATALOG_COMPILER_GENERATE_SWIFT_ASSET_SYMBOL_EXTENSIONS = YES;
				CLANG_ANALYZER_NONNULL = YES;
				CLANG_ANALYZER_NUMBER_OBJECT_CONVERSION = YES_AGGRESSIVE;
				CLANG_CXX_LANGUAGE_STANDARD = "gnu++20";
				CLANG_ENABLE_MODULES = YES;
				CLANG_ENABLE_OBJC_ARC = YES;
				CLANG_ENABLE_OBJC_WEAK = YES;
				CLANG_WARN_BLOCK_CAPTURE_AUTORELEASING = YES;
				CLANG_WARN_BOOL_CONVERSION = YES;
				CLANG_WARN_COMMA = YES;
				CLANG_WARN_CONSTANT_CONVERSION = YES;
				CLANG_WARN_DEPRECATED_OBJC_IMPLEMENTATIONS = YES;
				CLANG_WARN_DIRECT_OBJC_ISA_USAGE = YES_ERROR;
				CLANG_WARN_DOCUMENTATION_COMMENTS = YES;
				CLANG_WARN_EMPTY_BODY = YES;
				CLANG_WARN_ENUM_CONVERSION = YES;
				CLANG_WARN_INFINITE_RECURSION = YES;
				CLANG_WARN_INT_CONVERSION = YES;
				CLANG_WARN_NON_LITERAL_NULL_CONVERSION = YES;
				CLANG_WARN_OBJC_IMPLICIT_RETAIN_SELF = YES;
				CLANG_WARN_OBJC_LITERAL_CONVERSION = YES;
				CLANG_WARN_OBJC_ROOT_CLASS = YES_ERROR;
				CLANG_WARN_QUOTED_INCLUDE_IN_FRAMEWORK_HEADER = YES;
				CLANG_WARN_RANGE_LOOP_ANALYSIS = YES;
				CLANG_WARN_STRICT_PROTOTYPES = YES;
				CLANG_WARN_SUSPICIOUS_MOVE = YES;
				CLANG_WARN_UNGUARDED_AVAILABILITY = YES_AGGRESSIVE;
				CLANG_WARN_UNREACHABLE_CODE = YES;
				CLANG_WARN__DUPLICATE_METHOD_MATCH = YES;
				COPY_PHASE_STRIP = NO;
				DEBUG_INFORMATION_FORMAT = dwarf;
				ENABLE_STRICT_OBJC_MSGSEND = YES;
				ENABLE_TESTABILITY = YES;
				ENABLE_USER_SCRIPT_SANDBOXING = YES;
				GCC_C_LANGUAGE_STANDARD = gnu17;
				GCC_DYNAMIC_NO_PIC = NO;
				GCC_NO_COMMON_BLOCKS = YES;
				GCC_OPTIMIZATION_LEVEL = 0;
				GCC_PREPROCESSOR_DEFINITIONS = (
					"DEBUG=1",
					"$(inherited)",
				);
				GCC_WARN_64_TO_32_BIT_CONVERSION = YES;
				GCC_WARN_ABOUT_RETURN_TYPE = YES_ERROR;
				GCC_WARN_UNDECLARED_SELECTOR = YES;
				GCC_WARN_UNINITIALIZED_AUTOS = YES_AGGRESSIVE;
				GCC_WARN_UNUSED_FUNCTION = YES;
				GCC_WARN_UNUSED_VARIABLE = YES;
				LOCALIZATION_PREFERS_STRING_CATALOGS = YES;
				MTL_ENABLE_DEBUG_INFO = INCLUDE_SOURCE;
				MTL_FAST_MATH = YES;
				ONLY_ACTIVE_ARCH = YES;
				SWIFT_ACTIVE_COMPILATION_CONDITIONS = "DEBUG $(inherited)";
				SWIFT_OPTIMIZATION_LEVEL = "-Onone";
			};
			name = Debug;
		};
		A83ACAAC2C638FAD00F70810 /* Release */ = {
			isa = XCBuildConfiguration;
			buildSettings = {
				ALWAYS_SEARCH_USER_PATHS = NO;
				ASSETCATALOG_COMPILER_GENERATE_SWIFT_ASSET_SYMBOL_EXTENSIONS = YES;
				CLANG_ANALYZER_NONNULL = YES;
				CLANG_ANALYZER_NUMBER_OBJECT_CONVERSION = YES_AGGRESSIVE;
				CLANG_CXX_LANGUAGE_STANDARD = "gnu++20";
				CLANG_ENABLE_MODULES = YES;
				CLANG_ENABLE_OBJC_ARC = YES;
				CLANG_ENABLE_OBJC_WEAK = YES;
				CLANG_WARN_BLOCK_CAPTURE_AUTORELEASING = YES;
				CLANG_WARN_BOOL_CONVERSION = YES;
				CLANG_WARN_COMMA = YES;
				CLANG_WARN_CONSTANT_CONVERSION = YES;
				CLANG_WARN_DEPRECATED_OBJC_IMPLEMENTATIONS = YES;
				CLANG_WARN_DIRECT_OBJC_ISA_USAGE = YES_ERROR;
				CLANG_WARN_DOCUMENTATION_COMMENTS = YES;
				CLANG_WARN_EMPTY_BODY = YES;
				CLANG_WARN_ENUM_CONVERSION = YES;
				CLANG_WARN_INFINITE_RECURSION = YES;
				CLANG_WARN_INT_CONVERSION = YES;
				CLANG_WARN_NON_LITERAL_NULL_CONVERSION = YES;
				CLANG_WARN_OBJC_IMPLICIT_RETAIN_SELF = YES;
				CLANG_WARN_OBJC_LITERAL_CONVERSION = YES;
				CLANG_WARN_OBJC_ROOT_CLASS = YES_ERROR;
				CLANG_WARN_QUOTED_INCLUDE_IN_FRAMEWORK_HEADER = YES;
				CLANG_WARN_RANGE_LOOP_ANALYSIS = YES;
				CLANG_WARN_STRICT_PROTOTYPES = YES;
				CLANG_WARN_SUSPICIOUS_MOVE = YES;
				CLANG_WARN_UNGUARDED_AVAILABILITY = YES_AGGRESSIVE;
				CLANG_WARN_UNREACHABLE_CODE = YES;
				CLANG_WARN__DUPLICATE_METHOD_MATCH = YES;
				COPY_PHASE_STRIP = NO;
				DEBUG_INFORMATION_FORMAT = "dwarf-with-dsym";
				ENABLE_NS_ASSERTIONS = NO;
				ENABLE_STRICT_OBJC_MSGSEND = YES;
				ENABLE_USER_SCRIPT_SANDBOXING = YES;
				GCC_C_LANGUAGE_STANDARD = gnu17;
				GCC_NO_COMMON_BLOCKS = YES;
				GCC_WARN_64_TO_32_BIT_CONVERSION = YES;
				GCC_WARN_ABOUT_RETURN_TYPE = YES_ERROR;
				GCC_WARN_UNDECLARED_SELECTOR = YES;
				GCC_WARN_UNINITIALIZED_AUTOS = YES_AGGRESSIVE;
				GCC_WARN_UNUSED_FUNCTION = YES;
				GCC_WARN_UNUSED_VARIABLE = YES;
				LOCALIZATION_PREFERS_STRING_CATALOGS = YES;
				MTL_ENABLE_DEBUG_INFO = NO;
				MTL_FAST_MATH = YES;
				SWIFT_COMPILATION_MODE = wholemodule;
			};
			name = Release;
		};
		A83ACAAE2C638FAD00F70810 /* Debug */ = {
			isa = XCBuildConfiguration;
			buildSettings = {
				ASSETCATALOG_COMPILER_APPICON_NAME = AppIcon;
				ASSETCATALOG_COMPILER_GLOBAL_ACCENT_COLOR_NAME = AccentColor;
				CODE_SIGN_STYLE = Automatic;
				CURRENT_PROJECT_VERSION = 1;
				DEVELOPMENT_ASSET_PATHS = "\"tap-to-do Watch App/Preview Content\"";
				DEVELOPMENT_TEAM = 4L7K3ZV8H2;
				ENABLE_PREVIEWS = YES;
				GENERATE_INFOPLIST_FILE = YES;
				INFOPLIST_KEY_CFBundleDisplayName = "tap-to-do";
				INFOPLIST_KEY_UISupportedInterfaceOrientations = "UIInterfaceOrientationPortrait UIInterfaceOrientationPortraitUpsideDown";
				INFOPLIST_KEY_WKWatchOnly = YES;
				LD_RUNPATH_SEARCH_PATHS = (
					"$(inherited)",
					"@executable_path/Frameworks",
				);
				MARKETING_VERSION = 1.0;
				PRODUCT_BUNDLE_IDENTIFIER = "com.seri.tap-to-do.watchkitapp";
				PRODUCT_NAME = "$(TARGET_NAME)";
				SDKROOT = watchos;
				SKIP_INSTALL = YES;
				SWIFT_EMIT_LOC_STRINGS = YES;
				SWIFT_VERSION = 5.0;
				TARGETED_DEVICE_FAMILY = 4;
				WATCHOS_DEPLOYMENT_TARGET = 10.4;
			};
			name = Debug;
		};
		A83ACAAF2C638FAD00F70810 /* Release */ = {
			isa = XCBuildConfiguration;
			buildSettings = {
				ASSETCATALOG_COMPILER_APPICON_NAME = AppIcon;
				ASSETCATALOG_COMPILER_GLOBAL_ACCENT_COLOR_NAME = AccentColor;
				CODE_SIGN_STYLE = Automatic;
				CURRENT_PROJECT_VERSION = 1;
				DEVELOPMENT_ASSET_PATHS = "\"tap-to-do Watch App/Preview Content\"";
				DEVELOPMENT_TEAM = 4L7K3ZV8H2;
				ENABLE_PREVIEWS = YES;
				GENERATE_INFOPLIST_FILE = YES;
				INFOPLIST_KEY_CFBundleDisplayName = "tap-to-do";
				INFOPLIST_KEY_UISupportedInterfaceOrientations = "UIInterfaceOrientationPortrait UIInterfaceOrientationPortraitUpsideDown";
				INFOPLIST_KEY_WKWatchOnly = YES;
				LD_RUNPATH_SEARCH_PATHS = (
					"$(inherited)",
					"@executable_path/Frameworks",
				);
				MARKETING_VERSION = 1.0;
				PRODUCT_BUNDLE_IDENTIFIER = "com.seri.tap-to-do.watchkitapp";
				PRODUCT_NAME = "$(TARGET_NAME)";
				SDKROOT = watchos;
				SKIP_INSTALL = YES;
				SWIFT_EMIT_LOC_STRINGS = YES;
				SWIFT_VERSION = 5.0;
				TARGETED_DEVICE_FAMILY = 4;
				VALIDATE_PRODUCT = YES;
				WATCHOS_DEPLOYMENT_TARGET = 10.4;
			};
			name = Release;
		};
		A83ACAB22C638FAD00F70810 /* Debug */ = {
			isa = XCBuildConfiguration;
			buildSettings = {
				ALWAYS_EMBED_SWIFT_STANDARD_LIBRARIES = YES;
				CODE_SIGN_STYLE = Automatic;
				CURRENT_PROJECT_VERSION = 1;
				DEVELOPMENT_TEAM = 4L7K3ZV8H2;
				INFOPLIST_KEY_CFBundleDisplayName = "tap-to-do";
				MARKETING_VERSION = 1.0;
				PRODUCT_BUNDLE_IDENTIFIER = "com.seri.tap-to-do";
				PRODUCT_NAME = "$(TARGET_NAME)";
				SDKROOT = iphoneos;
				SWIFT_VERSION = 5.0;
			};
			name = Debug;
		};
		A83ACAB32C638FAD00F70810 /* Release */ = {
			isa = XCBuildConfiguration;
			buildSettings = {
				ALWAYS_EMBED_SWIFT_STANDARD_LIBRARIES = YES;
				CODE_SIGN_STYLE = Automatic;
				CURRENT_PROJECT_VERSION = 1;
				DEVELOPMENT_TEAM = 4L7K3ZV8H2;
				INFOPLIST_KEY_CFBundleDisplayName = "tap-to-do";
				MARKETING_VERSION = 1.0;
				PRODUCT_BUNDLE_IDENTIFIER = "com.seri.tap-to-do";
				PRODUCT_NAME = "$(TARGET_NAME)";
				SDKROOT = iphoneos;
				SWIFT_VERSION = 5.0;
				VALIDATE_PRODUCT = YES;
			};
			name = Release;
		};
/* End XCBuildConfiguration section */

/* Begin XCConfigurationList section */
		A83ACA942C638FAC00F70810 /* Build configuration list for PBXProject "tap-to-do" */ = {
			isa = XCConfigurationList;
			buildConfigurations = (
				A83ACAAB2C638FAD00F70810 /* Debug */,
				A83ACAAC2C638FAD00F70810 /* Release */,
			);
			defaultConfigurationIsVisible = 0;
			defaultConfigurationName = Release;
		};
		A83ACAAD2C638FAD00F70810 /* Build configuration list for PBXNativeTarget "tap-to-do Watch App" */ = {
			isa = XCConfigurationList;
			buildConfigurations = (
				A83ACAAE2C638FAD00F70810 /* Debug */,
				A83ACAAF2C638FAD00F70810 /* Release */,
			);
			defaultConfigurationIsVisible = 0;
			defaultConfigurationName = Release;
		};
		A83ACAB12C638FAD00F70810 /* Build configuration list for PBXNativeTarget "tap-to-do" */ = {
			isa = XCConfigurationList;
			buildConfigurations = (
				A83ACAB22C638FAD00F70810 /* Debug */,
				A83ACAB32C638FAD00F70810 /* Release */,
			);
			defaultConfigurationIsVisible = 0;
			defaultConfigurationName = Release;
		};
/* End XCConfigurationList section */
	};
	rootObject = A83ACA912C638FAC00F70810 /* Project object */;
}
